
Microsoft Visual Studio Solution File, Format Version 12.00
# Visual Studio 15
VisualStudioVersion = 15.0.28307.902
MinimumVisualStudioVersion = 10.0.40219.1
Project("{FAE04EC0-301F-11D3-BF4B-00C04F79EFBC}") = "TestApp2", "TestApp2\TestApp2.csproj", "{03F92471-B9E2-4FB6-84BA-FA9DE6110873}"
EndProject
Global
	GlobalSection(SolutionConfigurationPlatforms) = preSolution
		Debug|Any CPU = Debug|Any CPU
		Release|Any CPU = Release|Any CPU
	EndGlobalSection
	GlobalSection(ProjectConfigurationPlatforms) = postSolution
		{03F92471-B9E2-4FB6-84BA-FA9DE6110873}.Debug|Any CPU.ActiveCfg = Debug|Any CPU
		{03F92471-B9E2-4FB6-84BA-FA9DE6110873}.Debug|Any CPU.Build.0 = Debug|Any CPU
		{03F92471-B9E2-4FB6-84BA-FA9DE6110873}.Release|Any CPU.ActiveCfg = Release|Any CPU
		{03F92471-B9E2-4FB6-84BA-FA9DE6110873}.Release|Any CPU.Build.0 = Release|Any CPU
	EndGlobalSection
	GlobalSection(SolutionProperties) = preSolution
		HideSolutionNode = FALSE
	EndGlobalSection
	GlobalSection(ExtensibilityGlobals) = postSolution
		SolutionGuid = {D703E775-E4D7-4D8D-A573-00971075868C}
	EndGlobalSection
EndGlobal
